{
  "version": "3",
  "packages": {
    "specifiers": {
      "npm:rxjs@8.0.0-alpha.14": "npm:rxjs@8.0.0-alpha.14"
    },
    "npm": {
      "rxjs@8.0.0-alpha.14": {
        "integrity": "sha512-oRCzFwbAMbo0+dVUeGUCCEf339mW7CESFvVDG3RTncD6yMtV2XoubFMpKEhBd2a9d04EpHl8QSz84/V/agG6bw==",
        "dependencies": {}
      }
    }
  },
  "remote": {},
  "workspace": {
    "dependencies": [
      "npm:rxjs@8.0.0-alpha.14"
    ]
  }
}
